
Microsoft Visual Studio Solution File, Format Version 12.00
# Visual Studio Version 16
VisualStudioVersion = 16.0.32002.261
MinimumVisualStudioVersion = 10.0.40219.1
Project("{FAE04EC0-301F-11D3-BF4B-00C04F79EFBC}") = "Project", "Project\Project.csproj", "{13F5A618-1615-4850-BB7E-3C1CAB072C72}"
EndProject
Global
	GlobalSection(SolutionConfigurationPlatforms) = preSolution
		Debug|Any CPU = Debug|Any CPU
		Release|Any CPU = Release|Any CPU
	EndGlobalSection
	GlobalSection(ProjectConfigurationPlatforms) = postSolution
		{13F5A618-1615-4850-BB7E-3C1CAB072C72}.Debug|Any CPU.ActiveCfg = Debug|Any CPU
		{13F5A618-1615-4850-BB7E-3C1CAB072C72}.Debug|Any CPU.Build.0 = Debug|Any CPU
		{13F5A618-1615-4850-BB7E-3C1CAB072C72}.Release|Any CPU.ActiveCfg = Release|Any CPU
		{13F5A618-1615-4850-BB7E-3C1CAB072C72}.Release|Any CPU.Build.0 = Release|Any CPU
	EndGlobalSection
	GlobalSection(SolutionProperties) = preSolution
		HideSolutionNode = FALSE
	EndGlobalSection
	GlobalSection(ExtensibilityGlobals) = postSolution
		SolutionGuid = {CE3430BE-74F0-4860-9607-AE78E5623D57}
	EndGlobalSection
EndGlobal
